// !$*UTF8*$!
{
	archiveVersion = 1;
	classes = {
	};
	objectVersion = 50;
	objects = {

/* Begin PBXBuildFile section */
		1A33F63625236DBC00AE6061 /* AppDelegate.swift in Sources */ = {isa = PBXBuildFile; fileRef = 1A33F63525236DBC00AE6061 /* AppDelegate.swift */; };
		1A33F63825236DBC00AE6061 /* SceneDelegate.swift in Sources */ = {isa = PBXBuildFile; fileRef = 1A33F63725236DBC00AE6061 /* SceneDelegate.swift */; };
		1A33F63A25236DBC00AE6061 /* ViewController.swift in Sources */ = {isa = PBXBuildFile; fileRef = 1A33F63925236DBC00AE6061 /* ViewController.swift */; };
		1A33F63D25236DBC00AE6061 /* Main.storyboard in Resources */ = {isa = PBXBuildFile; fileRef = 1A33F63B25236DBC00AE6061 /* Main.storyboard */; };
		1A33F63F25236DBE00AE6061 /* Assets.xcassets in Resources */ = {isa = PBXBuildFile; fileRef = 1A33F63E25236DBE00AE6061 /* Assets.xcassets */; };
		1A33F64225236DBE00AE6061 /* LaunchScreen.storyboard in Resources */ = {isa = PBXBuildFile; fileRef = 1A33F64025236DBE00AE6061 /* LaunchScreen.storyboard */; };
		1A33F65825236DBE00AE6061 /* XCUITests_UIImagePickerController_BitriseUITests.swift in Sources */ = {isa = PBXBuildFile; fileRef = 1A33F65725236DBE00AE6061 /* XCUITests_UIImagePickerController_BitriseUITests.swift */; };
/* End PBXBuildFile section */

/* Begin PBXContainerItemProxy section */
		1A33F65425236DBE00AE6061 /* PBXContainerItemProxy */ = {
			isa = PBXContainerItemProxy;
			containerPortal = 1A33F62A25236DBC00AE6061 /* Project object */;
			proxyType = 1;
			remoteGlobalIDString = 1A33F63125236DBC00AE6061;
			remoteInfo = XCUITests_UIImagePickerController_Bitrise;
		};
/* End PBXContainerItemProxy section */

/* Begin PBXFileReference section */
		1A33F63225236DBC00AE6061 /* XCUITests_UIImagePickerController_Bitrise.app */ = {isa = PBXFileReference; explicitFileType = wrapper.application; includeInIndex = 0; path = XCUITests_UIImagePickerController_Bitrise.app; sourceTree = BUILT_PRODUCTS_DIR; };
		1A33F63525236DBC00AE6061 /* AppDelegate.swift */ = {isa = PBXFileReference; lastKnownFileType = sourcecode.swift; path = AppDelegate.swift; sourceTree = "<group>"; };
		1A33F63725236DBC00AE6061 /* SceneDelegate.swift */ = {isa = PBXFileReference; lastKnownFileType = sourcecode.swift; path = SceneDelegate.swift; sourceTree = "<group>"; };
		1A33F63925236DBC00AE6061 /* ViewController.swift */ = {isa = PBXFileReference; lastKnownFileType = sourcecode.swift; path = ViewController.swift; sourceTree = "<group>"; };
		1A33F63C25236DBC00AE6061 /* Base */ = {isa = PBXFileReference; lastKnownFileType = file.storyboard; name = Base; path = Base.lproj/Main.storyboard; sourceTree = "<group>"; };
		1A33F63E25236DBE00AE6061 /* Assets.xcassets */ = {isa = PBXFileReference; lastKnownFileType = folder.assetcatalog; path = Assets.xcassets; sourceTree = "<group>"; };
		1A33F64125236DBE00AE6061 /* Base */ = {isa = PBXFileReference; lastKnownFileType = file.storyboard; name = Base; path = Base.lproj/LaunchScreen.storyboard; sourceTree = "<group>"; };
		1A33F64325236DBE00AE6061 /* Info.plist */ = {isa = PBXFileReference; lastKnownFileType = text.plist.xml; path = Info.plist; sourceTree = "<group>"; };
		1A33F65325236DBE00AE6061 /* XCUITests_UIImagePickerController_BitriseUITests.xctest */ = {isa = PBXFileReference; explicitFileType = wrapper.cfbundle; includeInIndex = 0; path = XCUITests_UIImagePickerController_BitriseUITests.xctest; sourceTree = BUILT_PRODUCTS_DIR; };
		1A33F65725236DBE00AE6061 /* XCUITests_UIImagePickerController_BitriseUITests.swift */ = {isa = PBXFileReference; lastKnownFileType = sourcecode.swift; path = XCUITests_UIImagePickerController_BitriseUITests.swift; sourceTree = "<group>"; };
		1A33F65925236DBE00AE6061 /* Info.plist */ = {isa = PBXFileReference; lastKnownFileType = text.plist.xml; path = Info.plist; sourceTree = "<group>"; };
/* End PBXFileReference section */

/* Begin PBXFrameworksBuildPhase section */
		1A33F62F25236DBC00AE6061 /* Frameworks */ = {
			isa = PBXFrameworksBuildPhase;
			buildActionMask = 2147483647;
			files = (
			);
			runOnlyForDeploymentPostprocessing = 0;
		};
		1A33F65025236DBE00AE6061 /* Frameworks */ = {
			isa = PBXFrameworksBuildPhase;
			buildActionMask = 2147483647;
			files = (
			);
			runOnlyForDeploymentPostprocessing = 0;
		};
/* End PBXFrameworksBuildPhase section */

/* Begin PBXGroup section */
		1A33F62925236DBC00AE6061 = {
			isa = PBXGroup;
			children = (
				1A33F63425236DBC00AE6061 /* XCUITests_UIImagePickerController_Bitrise */,
				1A33F65625236DBE00AE6061 /* XCUITests_UIImagePickerController_BitriseUITests */,
				1A33F63325236DBC00AE6061 /* Products */,
			);
			sourceTree = "<group>";
		};
		1A33F63325236DBC00AE6061 /* Products */ = {
			isa = PBXGroup;
			children = (
				1A33F63225236DBC00AE6061 /* XCUITests_UIImagePickerController_Bitrise.app */,
				1A33F65325236DBE00AE6061 /* XCUITests_UIImagePickerController_BitriseUITests.xctest */,
			);
			name = Products;
			sourceTree = "<group>";
		};
		1A33F63425236DBC00AE6061 /* XCUITests_UIImagePickerController_Bitrise */ = {
			isa = PBXGroup;
			children = (
				1A33F63525236DBC00AE6061 /* AppDelegate.swift */,
				1A33F63725236DBC00AE6061 /* SceneDelegate.swift */,
				1A33F63925236DBC00AE6061 /* ViewController.swift */,
				1A33F63B25236DBC00AE6061 /* Main.storyboard */,
				1A33F63E25236DBE00AE6061 /* Assets.xcassets */,
				1A33F64025236DBE00AE6061 /* LaunchScreen.storyboard */,
				1A33F64325236DBE00AE6061 /* Info.plist */,
			);
			path = XCUITests_UIImagePickerController_Bitrise;
			sourceTree = "<group>";
		};
		1A33F65625236DBE00AE6061 /* XCUITests_UIImagePickerController_BitriseUITests */ = {
			isa = PBXGroup;
			children = (
				1A33F65725236DBE00AE6061 /* XCUITests_UIImagePickerController_BitriseUITests.swift */,
				1A33F65925236DBE00AE6061 /* Info.plist */,
			);
			path = XCUITests_UIImagePickerController_BitriseUITests;
			sourceTree = "<group>";
		};
/* End PBXGroup section */

/* Begin PBXNativeTarget section */
		1A33F63125236DBC00AE6061 /* XCUITests_UIImagePickerController_Bitrise */ = {
			isa = PBXNativeTarget;
			buildConfigurationList = 1A33F65C25236DBE00AE6061 /* Build configuration list for PBXNativeTarget "XCUITests_UIImagePickerController_Bitrise" */;
			buildPhases = (
				1A33F62E25236DBC00AE6061 /* Sources */,
				1A33F62F25236DBC00AE6061 /* Frameworks */,
				1A33F63025236DBC00AE6061 /* Resources */,
			);
			buildRules = (
			);
			dependencies = (
			);
			name = XCUITests_UIImagePickerController_Bitrise;
			productName = XCUITests_UIImagePickerController_Bitrise;
			productReference = 1A33F63225236DBC00AE6061 /* XCUITests_UIImagePickerController_Bitrise.app */;
			productType = "com.apple.product-type.application";
		};
		1A33F65225236DBE00AE6061 /* XCUITests_UIImagePickerController_BitriseUITests */ = {
			isa = PBXNativeTarget;
			buildConfigurationList = 1A33F66225236DBE00AE6061 /* Build configuration list for PBXNativeTarget "XCUITests_UIImagePickerController_BitriseUITests" */;
			buildPhases = (
				1A33F64F25236DBE00AE6061 /* Sources */,
				1A33F65025236DBE00AE6061 /* Frameworks */,
				1A33F65125236DBE00AE6061 /* Resources */,
			);
			buildRules = (
			);
			dependencies = (
				1A33F65525236DBE00AE6061 /* PBXTargetDependency */,
			);
			name = XCUITests_UIImagePickerController_BitriseUITests;
			productName = XCUITests_UIImagePickerController_BitriseUITests;
			productReference = 1A33F65325236DBE00AE6061 /* XCUITests_UIImagePickerController_BitriseUITests.xctest */;
			productType = "com.apple.product-type.bundle.ui-testing";
		};
/* End PBXNativeTarget section */

/* Begin PBXProject section */
		1A33F62A25236DBC00AE6061 /* Project object */ = {
			isa = PBXProject;
			attributes = {
				LastSwiftUpdateCheck = 1200;
				LastUpgradeCheck = 1200;
				TargetAttributes = {
					1A33F63125236DBC00AE6061 = {
						CreatedOnToolsVersion = 12.0;
					};
					1A33F65225236DBE00AE6061 = {
						CreatedOnToolsVersion = 12.0;
						TestTargetID = 1A33F63125236DBC00AE6061;
					};
				};
			};
			buildConfigurationList = 1A33F62D25236DBC00AE6061 /* Build configuration list for PBXProject "XCUITests_UIImagePickerController_Bitrise" */;
			compatibilityVersion = "Xcode 9.3";
			developmentRegion = en;
			hasScannedForEncodings = 0;
			knownRegions = (
				en,
				Base,
			);
			mainGroup = 1A33F62925236DBC00AE6061;
			productRefGroup = 1A33F63325236DBC00AE6061 /* Products */;
			projectDirPath = "";
			projectRoot = "";
			targets = (
				1A33F63125236DBC00AE6061 /* XCUITests_UIImagePickerController_Bitrise */,
				1A33F65225236DBE00AE6061 /* XCUITests_UIImagePickerController_BitriseUITests */,
			);
		};
/* End PBXProject section */

/* Begin PBXResourcesBuildPhase section */
		1A33F63025236DBC00AE6061 /* Resources */ = {
			isa = PBXResourcesBuildPhase;
			buildActionMask = 2147483647;
			files = (
				1A33F64225236DBE00AE6061 /* LaunchScreen.storyboard in Resources */,
				1A33F63F25236DBE00AE6061 /* Assets.xcassets in Resources */,
				1A33F63D25236DBC00AE6061 /* Main.storyboard in Resources */,
			);
			runOnlyForDeploymentPostprocessing = 0;
		};
		1A33F65125236DBE00AE6061 /* Resources */ = {
			isa = PBXResourcesBuildPhase;
			buildActionMask = 2147483647;
			files = (
			);
			runOnlyForDeploymentPostprocessing = 0;
		};
/* End PBXResourcesBuildPhase section */

/* Begin PBXSourcesBuildPhase section */
		1A33F62E25236DBC00AE6061 /* Sources */ = {
			isa = PBXSourcesBuildPhase;
			buildActionMask = 2147483647;
			files = (
				1A33F63A25236DBC00AE6061 /* ViewController.swift in Sources */,
				1A33F63625236DBC00AE6061 /* AppDelegate.swift in Sources */,
				1A33F63825236DBC00AE6061 /* SceneDelegate.swift in Sources */,
			);
			runOnlyForDeploymentPostprocessing = 0;
		};
		1A33F64F25236DBE00AE6061 /* Sources */ = {
			isa = PBXSourcesBuildPhase;
			buildActionMask = 2147483647;
			files = (
				1A33F65825236DBE00AE6061 /* XCUITests_UIImagePickerController_BitriseUITests.swift in Sources */,
			);
			runOnlyForDeploymentPostprocessing = 0;
		};
/* End PBXSourcesBuildPhase section */

/* Begin PBXTargetDependency section */
		1A33F65525236DBE00AE6061 /* PBXTargetDependency */ = {
			isa = PBXTargetDependency;
			target = 1A33F63125236DBC00AE6061 /* XCUITests_UIImagePickerController_Bitrise */;
			targetProxy = 1A33F65425236DBE00AE6061 /* PBXContainerItemProxy */;
		};
/* End PBXTargetDependency section */

/* Begin PBXVariantGroup section */
		1A33F63B25236DBC00AE6061 /* Main.storyboard */ = {
			isa = PBXVariantGroup;
			children = (
				1A33F63C25236DBC00AE6061 /* Base */,
			);
			name = Main.storyboard;
			sourceTree = "<group>";
		};
		1A33F64025236DBE00AE6061 /* LaunchScreen.storyboard */ = {
			isa = PBXVariantGroup;
			children = (
				1A33F64125236DBE00AE6061 /* Base */,
			);
			name = LaunchScreen.storyboard;
			sourceTree = "<group>";
		};
/* End PBXVariantGroup section */

/* Begin XCBuildConfiguration section */
		1A33F65A25236DBE00AE6061 /* Debug */ = {
			isa = XCBuildConfiguration;
			buildSettings = {
				ALWAYS_SEARCH_USER_PATHS = NO;
				CLANG_ANALYZER_NONNULL = YES;
				CLANG_ANALYZER_NUMBER_OBJECT_CONVERSION = YES_AGGRESSIVE;
				CLANG_CXX_LANGUAGE_STANDARD = "gnu++14";
				CLANG_CXX_LIBRARY = "libc++";
				CLANG_ENABLE_MODULES = YES;
				CLANG_ENABLE_OBJC_ARC = YES;
				CLANG_ENABLE_OBJC_WEAK = YES;
				CLANG_WARN_BLOCK_CAPTURE_AUTORELEASING = YES;
				CLANG_WARN_BOOL_CONVERSION = YES;
				CLANG_WARN_COMMA = YES;
				CLANG_WARN_CONSTANT_CONVERSION = YES;
				CLANG_WARN_DEPRECATED_OBJC_IMPLEMENTATIONS = YES;
				CLANG_WARN_DIRECT_OBJC_ISA_USAGE = YES_ERROR;
				CLANG_WARN_DOCUMENTATION_COMMENTS = YES;
				CLANG_WARN_EMPTY_BODY = YES;
				CLANG_WARN_ENUM_CONVERSION = YES;
				CLANG_WARN_INFINITE_RECURSION = YES;
				CLANG_WARN_INT_CONVERSION = YES;
				CLANG_WARN_NON_LITERAL_NULL_CONVERSION = YES;
				CLANG_WARN_OBJC_IMPLICIT_RETAIN_SELF = YES;
				CLANG_WARN_OBJC_LITERAL_CONVERSION = YES;
				CLANG_WARN_OBJC_ROOT_CLASS = YES_ERROR;
				CLANG_WARN_QUOTED_INCLUDE_IN_FRAMEWORK_HEADER = YES;
				CLANG_WARN_RANGE_LOOP_ANALYSIS = YES;
				CLANG_WARN_STRICT_PROTOTYPES = YES;
				CLANG_WARN_SUSPICIOUS_MOVE = YES;
				CLANG_WARN_UNGUARDED_AVAILABILITY = YES_AGGRESSIVE;
				CLANG_WARN_UNREACHABLE_CODE = YES;
				CLANG_WARN__DUPLICATE_METHOD_MATCH = YES;
				COPY_PHASE_STRIP = NO;
				DEBUG_INFORMATION_FORMAT = dwarf;
				ENABLE_STRICT_OBJC_MSGSEND = YES;
				ENABLE_TESTABILITY = YES;
				GCC_C_LANGUAGE_STANDARD = gnu11;
				GCC_DYNAMIC_NO_PIC = NO;
				GCC_NO_COMMON_BLOCKS = YES;
				GCC_OPTIMIZATION_LEVEL = 0;
				GCC_PREPROCESSOR_DEFINITIONS = (
					"DEBUG=1",
					"$(inherited)",
				);
				GCC_WARN_64_TO_32_BIT_CONVERSION = YES;
				GCC_WARN_ABOUT_RETURN_TYPE = YES_ERROR;
				GCC_WARN_UNDECLARED_SELECTOR = YES;
				GCC_WARN_UNINITIALIZED_AUTOS = YES_AGGRESSIVE;
				GCC_WARN_UNUSED_FUNCTION = YES;
				GCC_WARN_UNUSED_VARIABLE = YES;
				IPHONEOS_DEPLOYMENT_TARGET = 14.0;
				MTL_ENABLE_DEBUG_INFO = INCLUDE_SOURCE;
				MTL_FAST_MATH = YES;
				ONLY_ACTIVE_ARCH = YES;
				SDKROOT = iphoneos;
				SWIFT_ACTIVE_COMPILATION_CONDITIONS = DEBUG;
				SWIFT_OPTIMIZATION_LEVEL = "-Onone";
			};
			name = Debug;
		};
		1A33F65B25236DBE00AE6061 /* Release */ = {
			isa = XCBuildConfiguration;
			buildSettings = {
				ALWAYS_SEARCH_USER_PATHS = NO;
				CLANG_ANALYZER_NONNULL = YES;
				CLANG_ANALYZER_NUMBER_OBJECT_CONVERSION = YES_AGGRESSIVE;
				CLANG_CXX_LANGUAGE_STANDARD = "gnu++14";
				CLANG_CXX_LIBRARY = "libc++";
				CLANG_ENABLE_MODULES = YES;
				CLANG_ENABLE_OBJC_ARC = YES;
				CLANG_ENABLE_OBJC_WEAK = YES;
				CLANG_WARN_BLOCK_CAPTURE_AUTORELEASING = YES;
				CLANG_WARN_BOOL_CONVERSION = YES;
				CLANG_WARN_COMMA = YES;
				CLANG_WARN_CONSTANT_CONVERSION = YES;
				CLANG_WARN_DEPRECATED_OBJC_IMPLEMENTATIONS = YES;
				CLANG_WARN_DIRECT_OBJC_ISA_USAGE = YES_ERROR;
				CLANG_WARN_DOCUMENTATION_COMMENTS = YES;
				CLANG_WARN_EMPTY_BODY = YES;
				CLANG_WARN_ENUM_CONVERSION = YES;
				CLANG_WARN_INFINITE_RECURSION = YES;
				CLANG_WARN_INT_CONVERSION = YES;
				CLANG_WARN_NON_LITERAL_NULL_CONVERSION = YES;
				CLANG_WARN_OBJC_IMPLICIT_RETAIN_SELF = YES;
				CLANG_WARN_OBJC_LITERAL_CONVERSION = YES;
				CLANG_WARN_OBJC_ROOT_CLASS = YES_ERROR;
				CLANG_WARN_QUOTED_INCLUDE_IN_FRAMEWORK_HEADER = YES;
				CLANG_WARN_RANGE_LOOP_ANALYSIS = YES;
				CLANG_WARN_STRICT_PROTOTYPES = YES;
				CLANG_WARN_SUSPICIOUS_MOVE = YES;
				CLANG_WARN_UNGUARDED_AVAILABILITY = YES_AGGRESSIVE;
				CLANG_WARN_UNREACHABLE_CODE = YES;
				CLANG_WARN__DUPLICATE_METHOD_MATCH = YES;
				COPY_PHASE_STRIP = NO;
				DEBUG_INFORMATION_FORMAT = "dwarf-with-dsym";
				ENABLE_NS_ASSERTIONS = NO;
				ENABLE_STRICT_OBJC_MSGSEND = YES;
				GCC_C_LANGUAGE_STANDARD = gnu11;
				GCC_NO_COMMON_BLOCKS = YES;
				GCC_WARN_64_TO_32_BIT_CONVERSION = YES;
				GCC_WARN_ABOUT_RETURN_TYPE = YES_ERROR;
				GCC_WARN_UNDECLARED_SELECTOR = YES;
				GCC_WARN_UNINITIALIZED_AUTOS = YES_AGGRESSIVE;
				GCC_WARN_UNUSED_FUNCTION = YES;
				GCC_WARN_UNUSED_VARIABLE = YES;
				IPHONEOS_DEPLOYMENT_TARGET = 14.0;
				MTL_ENABLE_DEBUG_INFO = NO;
				MTL_FAST_MATH = YES;
				SDKROOT = iphoneos;
				SWIFT_COMPILATION_MODE = wholemodule;
				SWIFT_OPTIMIZATION_LEVEL = "-O";
				VALIDATE_PRODUCT = YES;
			};
			name = Release;
		};
		1A33F65D25236DBE00AE6061 /* Debug */ = {
			isa = XCBuildConfiguration;
			buildSettings = {
				ASSETCATALOG_COMPILER_APPICON_NAME = AppIcon;
				ASSETCATALOG_COMPILER_GLOBAL_ACCENT_COLOR_NAME = AccentColor;
				CODE_SIGN_STYLE = Automatic;
				DEVELOPMENT_TEAM = 5PPY38J7P4;
				INFOPLIST_FILE = XCUITests_UIImagePickerController_Bitrise/Info.plist;
				LD_RUNPATH_SEARCH_PATHS = (
					"$(inherited)",
					"@executable_path/Frameworks",
				);
				PRODUCT_BUNDLE_IDENTIFIER = "com.iadvize.XCUITests-UIImagePickerController-Bitrise";
				PRODUCT_NAME = "$(TARGET_NAME)";
				SWIFT_VERSION = 5.0;
				TARGETED_DEVICE_FAMILY = "1,2";
			};
			name = Debug;
		};
		1A33F65E25236DBE00AE6061 /* Release */ = {
			isa = XCBuildConfiguration;
			buildSettings = {
				ASSETCATALOG_COMPILER_APPICON_NAME = AppIcon;
				ASSETCATALOG_COMPILER_GLOBAL_ACCENT_COLOR_NAME = AccentColor;
				CODE_SIGN_STYLE = Automatic;
				DEVELOPMENT_TEAM = 5PPY38J7P4;
				INFOPLIST_FILE = XCUITests_UIImagePickerController_Bitrise/Info.plist;
				LD_RUNPATH_SEARCH_PATHS = (
					"$(inherited)",
					"@executable_path/Frameworks",
				);
				PRODUCT_BUNDLE_IDENTIFIER = "com.iadvize.XCUITests-UIImagePickerController-Bitrise";
				PRODUCT_NAME = "$(TARGET_NAME)";
				SWIFT_VERSION = 5.0;
				TARGETED_DEVICE_FAMILY = "1,2";
			};
			name = Release;
		};
		1A33F66325236DBE00AE6061 /* Debug */ = {
			isa = XCBuildConfiguration;
			buildSettings = {
				ALWAYS_EMBED_SWIFT_STANDARD_LIBRARIES = YES;
				CODE_SIGN_STYLE = Automatic;
				DEVELOPMENT_TEAM = 5PPY38J7P4;
				INFOPLIST_FILE = XCUITests_UIImagePickerController_BitriseUITests/Info.plist;
				LD_RUNPATH_SEARCH_PATHS = (
					"$(inherited)",
					"@executable_path/Frameworks",
					"@loader_path/Frameworks",
				);
				PRODUCT_BUNDLE_IDENTIFIER = "com.iadvize.XCUITests-UIImagePickerController-BitriseUITests";
				PRODUCT_NAME = "$(TARGET_NAME)";
				SWIFT_VERSION = 5.0;
				TARGETED_DEVICE_FAMILY = "1,2";
				TEST_TARGET_NAME = XCUITests_UIImagePickerController_Bitrise;
			};
			name = Debug;
		};
		1A33F66425236DBE00AE6061 /* Release */ = {
			isa = XCBuildConfiguration;
			buildSettings = {
				ALWAYS_EMBED_SWIFT_STANDARD_LIBRARIES = YES;
				CODE_SIGN_STYLE = Automatic;
				DEVELOPMENT_TEAM = 5PPY38J7P4;
				INFOPLIST_FILE = XCUITests_UIImagePickerController_BitriseUITests/Info.plist;
				LD_RUNPATH_SEARCH_PATHS = (
					"$(inherited)",
					"@executable_path/Frameworks",
					"@loader_path/Frameworks",
				);
				PRODUCT_BUNDLE_IDENTIFIER = "com.iadvize.XCUITests-UIImagePickerController-BitriseUITests";
				PRODUCT_NAME = "$(TARGET_NAME)";
				SWIFT_VERSION = 5.0;
				TARGETED_DEVICE_FAMILY = "1,2";
				TEST_TARGET_NAME = XCUITests_UIImagePickerController_Bitrise;
			};
			name = Release;
		};
/* End XCBuildConfiguration section */

/* Begin XCConfigurationList section */
		1A33F62D25236DBC00AE6061 /* Build configuration list for PBXProject "XCUITests_UIImagePickerController_Bitrise" */ = {
			isa = XCConfigurationList;
			buildConfigurations = (
				1A33F65A25236DBE00AE6061 /* Debug */,
				1A33F65B25236DBE00AE6061 /* Release */,
			);
			defaultConfigurationIsVisible = 0;
			defaultConfigurationName = Release;
		};
		1A33F65C25236DBE00AE6061 /* Build configuration list for PBXNativeTarget "XCUITests_UIImagePickerController_Bitrise" */ = {
			isa = XCConfigurationList;
			buildConfigurations = (
				1A33F65D25236DBE00AE6061 /* Debug */,
				1A33F65E25236DBE00AE6061 /* Release */,
			);
			defaultConfigurationIsVisible = 0;
			defaultConfigurationName = Release;
		};
		1A33F66225236DBE00AE6061 /* Build configuration list for PBXNativeTarget "XCUITests_UIImagePickerController_BitriseUITests" */ = {
			isa = XCConfigurationList;
			buildConfigurations = (
				1A33F66325236DBE00AE6061 /* Debug */,
				1A33F66425236DBE00AE6061 /* Release */,
			);
			defaultConfigurationIsVisible = 0;
			defaultConfigurationName = Release;
		};
/* End XCConfigurationList section */
	};
	rootObject = 1A33F62A25236DBC00AE6061 /* Project object */;
}
